
Microsoft Visual Studio Solution File, Format Version 12.00
# Visual Studio Version 17
VisualStudioVersion = 17.5.002.0
MinimumVisualStudioVersion = 10.0.40219.1
Project("{9A19103F-16F7-4668-BE54-9A1E7A4F7556}") = "Calculator", "Calculator.csproj", "{2083ED24-2AF6-42B1-844A-7A870D250CDC}"
EndProject
Global
	GlobalSection(SolutionConfigurationPlatforms) = preSolution
		Debug|Any CPU = Debug|Any CPU
		Release|Any CPU = Release|Any CPU
	EndGlobalSection
	GlobalSection(ProjectConfigurationPlatforms) = postSolution
		{2083ED24-2AF6-42B1-844A-7A870D250CDC}.Debug|Any CPU.ActiveCfg = Debug|Any CPU
		{2083ED24-2AF6-42B1-844A-7A870D250CDC}.Debug|Any CPU.Build.0 = Debug|Any CPU
		{2083ED24-2AF6-42B1-844A-7A870D250CDC}.Release|Any CPU.ActiveCfg = Release|Any CPU
		{2083ED24-2AF6-42B1-844A-7A870D250CDC}.Release|Any CPU.Build.0 = Release|Any CPU
	EndGlobalSection
	GlobalSection(SolutionProperties) = preSolution
		HideSolutionNode = FALSE
	EndGlobalSection
	GlobalSection(ExtensibilityGlobals) = postSolution
		SolutionGuid = {BA3A6CF7-FDDE-4C7F-9F39-A28730D9A3C0}
	EndGlobalSection
EndGlobal
